
Microsoft Visual Studio Solution File, Format Version 12.00
# Visual Studio Version 16
VisualStudioVersion = 16.0.29613.14
MinimumVisualStudioVersion = 10.0.40219.1
Project("{FAE04EC0-301F-11D3-BF4B-00C04F79EFBC}") = "Text to Speech Converter", "Text to Speech Converter.csproj", "{83512E69-6691-4E83-84BF-13E0634FDA5A}"
EndProject
Global
	GlobalSection(SolutionConfigurationPlatforms) = preSolution
		Debug|Any CPU = Debug|Any CPU
		Release|Any CPU = Release|Any CPU
	EndGlobalSection
	GlobalSection(ProjectConfigurationPlatforms) = postSolution
		{83512E69-6691-4E83-84BF-13E0634FDA5A}.Debug|Any CPU.ActiveCfg = Debug|Any CPU
		{83512E69-6691-4E83-84BF-13E0634FDA5A}.Debug|Any CPU.Build.0 = Debug|Any CPU
		{83512E69-6691-4E83-84BF-13E0634FDA5A}.Release|Any CPU.ActiveCfg = Release|Any CPU
		{83512E69-6691-4E83-84BF-13E0634FDA5A}.Release|Any CPU.Build.0 = Release|Any CPU
	EndGlobalSection
	GlobalSection(SolutionProperties) = preSolution
		HideSolutionNode = FALSE
	EndGlobalSection
	GlobalSection(ExtensibilityGlobals) = postSolution
		SolutionGuid = {9F31062A-893B-47AA-850E-432AFE4C0401}
	EndGlobalSection
EndGlobal
